PODS:
  - FBSnapshotTestCase (2.1.4):
    - FBSnapshotTestCase/SwiftSupport (= 2.1.4)
  - FBSnapshotTestCase/Core (2.1.4)
  - FBSnapshotTestCase/SwiftSupport (2.1.4):
    - FBSnapshotTestCase/Core
  - HSYMacroKit (0.1.4)
  - HSYMethodsToolsKit (0.1.8):
    - HSYMacroKit
    - JSONModel
    - Masonry
    - ReactiveObjC
    - SDWebImage
  - JSONModel (1.8.0)
  - Masonry (1.1.0)
  - ReactiveObjC (3.1.1)
  - SDWebImage (5.4.1):
    - SDWebImage/Core (= 5.4.1)
  - SDWebImage/Core (5.4.1)

DEPENDENCIES:
  - FBSnapshotTestCase
  - HSYMacroKit (from `https://github.com/huangsongyao/HSYMacroKit.git`)
  - HSYMethodsToolsKit (from `../`)

SPEC REPOS:
  https://github.com/cocoapods/specs.git:
    - FBSnapshotTestCase
    - JSONModel
    - Masonry
    - ReactiveObjC
    - SDWebImage

EXTERNAL SOURCES:
  HSYMacroKit:
    :git: https://github.com/huangsongyao/HSYMacroKit.git
  HSYMethodsToolsKit:
    :path: "../"

CHECKOUT OPTIONS:
  HSYMacroKit:
    :commit: 16c2690a2f4315f0ddf1417bb11db33ffb36ac8b
    :git: https://github.com/huangsongyao/HSYMacroKit.git

SPEC CHECKSUMS:
  FBSnapshotTestCase: 094f9f314decbabe373b87cc339bea235a63e07a
  HSYMacroKit: 382477fb48caa2919542868a73ccc473bb331997
  HSYMethodsToolsKit: 006c15c1e3eea651f19e455449f7525f5075530e
  JSONModel: 02ab723958366a3fd27da57ea2af2113658762e9
  Masonry: 678fab65091a9290e40e2832a55e7ab731aad201
  ReactiveObjC: 011caa393aa0383245f2dcf9bf02e86b80b36040
  SDWebImage: 29c340dbdcef342bb13125553f4e19ce056b07a7

PODFILE CHECKSUM: aa50149824d3158930d1a070e03977c6ce4c35bb

COCOAPODS: 1.6.1
