PODS:
  - FBSnapshotTestCase (2.1.4):
    - FBSnapshotTestCase/SwiftSupport (= 2.1.4)
  - FBSnapshotTestCase/Core (2.1.4)
  - FBSnapshotTestCase/SwiftSupport (2.1.4):
    - FBSnapshotTestCase/Core
  - HSYMacroKit (0.1.2)
  - HSYMethodsToolsKit (0.1.1):
    - HSYMacroKit
    - JSONModel
    - ReactiveObjC
    - SDWebImage
  - JSONModel (1.8.0)
  - ReactiveObjC (3.1.1)
  - SDWebImage (5.2.0):
    - SDWebImage/Core (= 5.2.0)
  - SDWebImage/Core (5.2.0)

DEPENDENCIES:
  - FBSnapshotTestCase
  - HSYMacroKit (from `https://github.com/huangsongyao/HSYMacroKit.git`)
  - HSYMethodsToolsKit (from `../`)

SPEC REPOS:
  https://github.com/cocoapods/specs.git:
    - FBSnapshotTestCase
    - JSONModel
    - ReactiveObjC
    - SDWebImage

EXTERNAL SOURCES:
  HSYMacroKit:
    :git: https://github.com/huangsongyao/HSYMacroKit.git
  HSYMethodsToolsKit:
    :path: "../"

CHECKOUT OPTIONS:
  HSYMacroKit:
    :commit: 895f7b8866ad5ce8830af54a063f7d0730fa54eb
    :git: https://github.com/huangsongyao/HSYMacroKit.git

SPEC CHECKSUMS:
  FBSnapshotTestCase: 094f9f314decbabe373b87cc339bea235a63e07a
  HSYMacroKit: 4cc5705220161ae193c1dd2fec2a8e49b149d1c7
  HSYMethodsToolsKit: c67df808bc796a5de4549f5b9e421afeceaf453b
  JSONModel: 02ab723958366a3fd27da57ea2af2113658762e9
  ReactiveObjC: 011caa393aa0383245f2dcf9bf02e86b80b36040
  SDWebImage: 609192dcf3898c910a2848032372ead951e66364

PODFILE CHECKSUM: aa50149824d3158930d1a070e03977c6ce4c35bb

COCOAPODS: 1.7.5
